
Microsoft Visual Studio Solution File, Format Version 12.00
# Visual Studio Version 17
VisualStudioVersion = 17.0.32112.339
MinimumVisualStudioVersion = 10.0.40219.1
Project("{FAE04EC0-301F-11D3-BF4B-00C04F79EFBC}") = "DocIdProvider", "DocIdProvider\DocIdProvider.csproj", "{0A9D9328-BB1F-4DAE-AD47-0B17F548A306}"
EndProject
Project("{2150E333-8FDC-42A3-9474-1A3956D46DE8}") = "src", "src", "{83245FCD-09AF-41BB-AFA3-4936599F1CA4}"
EndProject
Global
	GlobalSection(SolutionConfigurationPlatforms) = preSolution
		Debug|Any CPU = Debug|Any CPU
		Debug|x86 = Debug|x86
		Release|Any CPU = Release|Any CPU
		Release|x86 = Release|x86
	EndGlobalSection
	GlobalSection(ProjectConfigurationPlatforms) = postSolution
		{0A9D9328-BB1F-4DAE-AD47-0B17F548A306}.Debug|Any CPU.ActiveCfg = Debug|Any CPU
		{0A9D9328-BB1F-4DAE-AD47-0B17F548A306}.Debug|Any CPU.Build.0 = Debug|Any CPU
		{0A9D9328-BB1F-4DAE-AD47-0B17F548A306}.Debug|x86.ActiveCfg = Debug|x86
		{0A9D9328-BB1F-4DAE-AD47-0B17F548A306}.Debug|x86.Build.0 = Debug|x86
		{0A9D9328-BB1F-4DAE-AD47-0B17F548A306}.Release|Any CPU.ActiveCfg = Release|Any CPU
		{0A9D9328-BB1F-4DAE-AD47-0B17F548A306}.Release|Any CPU.Build.0 = Release|Any CPU
		{0A9D9328-BB1F-4DAE-AD47-0B17F548A306}.Release|x86.ActiveCfg = Release|x86
		{0A9D9328-BB1F-4DAE-AD47-0B17F548A306}.Release|x86.Build.0 = Release|x86
	EndGlobalSection
	GlobalSection(SolutionProperties) = preSolution
		HideSolutionNode = FALSE
	EndGlobalSection
	GlobalSection(NestedProjects) = preSolution
		{0A9D9328-BB1F-4DAE-AD47-0B17F548A306} = {83245FCD-09AF-41BB-AFA3-4936599F1CA4}
	EndGlobalSection
	GlobalSection(ExtensibilityGlobals) = postSolution
		SolutionGuid = {ACABCED8-7339-4320-B7F4-CC96C9BE053D}
	EndGlobalSection
EndGlobal
